
Microsoft Visual Studio Solution File, Format Version 12.00
# Visual Studio Version 16
VisualStudioVersion = 16.0.30907.101
MinimumVisualStudioVersion = 10.0.40219.1
Project("{2150E333-8FDC-42A3-9474-1A3956D46DE8}") = "src", "src", "{B0534D5A-2241-4399-AF49-0333818CE5C1}"
EndProject
Project("{2150E333-8FDC-42A3-9474-1A3956D46DE8}") = "tests", "tests", "{32145450-95B8-4FF2-9D2D-E13D22A63FD0}"
EndProject
Project("{9A19103F-16F7-4668-BE54-9A1E7A4F7556}") = "Core", "Core\Core.csproj", "{A897A873-A82D-47C5-A7AD-4099BCFC1583}"
EndProject
Project("{9A19103F-16F7-4668-BE54-9A1E7A4F7556}") = "Infrastructure", "Infrastructure\Infrastructure.csproj", "{B8513008-0FA6-4252-B255-DEB57779A4F2}"
EndProject
Project("{FAE04EC0-301F-11D3-BF4B-00C04F79EFBC}") = "UnitTests", "UnitTests\UnitTests.csproj", "{CE678B30-1902-4D2A-BA0F-A390316950C6}"
EndProject
Project("{9A19103F-16F7-4668-BE54-9A1E7A4F7556}") = "Web", "Web\Web.csproj", "{4ECEB88E-D580-4989-A5FC-6F90436A5303}"
EndProject
Global
	GlobalSection(SolutionConfigurationPlatforms) = preSolution
		Debug|Any CPU = Debug|Any CPU
		Release|Any CPU = Release|Any CPU
	EndGlobalSection
	GlobalSection(ProjectConfigurationPlatforms) = postSolution
		{A897A873-A82D-47C5-A7AD-4099BCFC1583}.Debug|Any CPU.ActiveCfg = Debug|Any CPU
		{A897A873-A82D-47C5-A7AD-4099BCFC1583}.Debug|Any CPU.Build.0 = Debug|Any CPU
		{A897A873-A82D-47C5-A7AD-4099BCFC1583}.Release|Any CPU.ActiveCfg = Release|Any CPU
		{A897A873-A82D-47C5-A7AD-4099BCFC1583}.Release|Any CPU.Build.0 = Release|Any CPU
		{B8513008-0FA6-4252-B255-DEB57779A4F2}.Debug|Any CPU.ActiveCfg = Debug|Any CPU
		{B8513008-0FA6-4252-B255-DEB57779A4F2}.Debug|Any CPU.Build.0 = Debug|Any CPU
		{B8513008-0FA6-4252-B255-DEB57779A4F2}.Release|Any CPU.ActiveCfg = Release|Any CPU
		{B8513008-0FA6-4252-B255-DEB57779A4F2}.Release|Any CPU.Build.0 = Release|Any CPU
		{CE678B30-1902-4D2A-BA0F-A390316950C6}.Debug|Any CPU.ActiveCfg = Debug|Any CPU
		{CE678B30-1902-4D2A-BA0F-A390316950C6}.Debug|Any CPU.Build.0 = Debug|Any CPU
		{CE678B30-1902-4D2A-BA0F-A390316950C6}.Release|Any CPU.ActiveCfg = Release|Any CPU
		{CE678B30-1902-4D2A-BA0F-A390316950C6}.Release|Any CPU.Build.0 = Release|Any CPU
		{4ECEB88E-D580-4989-A5FC-6F90436A5303}.Debug|Any CPU.ActiveCfg = Debug|Any CPU
		{4ECEB88E-D580-4989-A5FC-6F90436A5303}.Debug|Any CPU.Build.0 = Debug|Any CPU
		{4ECEB88E-D580-4989-A5FC-6F90436A5303}.Release|Any CPU.ActiveCfg = Release|Any CPU
		{4ECEB88E-D580-4989-A5FC-6F90436A5303}.Release|Any CPU.Build.0 = Release|Any CPU
	EndGlobalSection
	GlobalSection(SolutionProperties) = preSolution
		HideSolutionNode = FALSE
	EndGlobalSection
	GlobalSection(NestedProjects) = preSolution
		{A897A873-A82D-47C5-A7AD-4099BCFC1583} = {B0534D5A-2241-4399-AF49-0333818CE5C1}
		{B8513008-0FA6-4252-B255-DEB57779A4F2} = {B0534D5A-2241-4399-AF49-0333818CE5C1}
		{CE678B30-1902-4D2A-BA0F-A390316950C6} = {32145450-95B8-4FF2-9D2D-E13D22A63FD0}
		{4ECEB88E-D580-4989-A5FC-6F90436A5303} = {B0534D5A-2241-4399-AF49-0333818CE5C1}
	EndGlobalSection
	GlobalSection(ExtensibilityGlobals) = postSolution
		SolutionGuid = {6606F34A-0C4E-49FB-A2DB-19E2153F0454}
	EndGlobalSection
EndGlobal
